
Microsoft Visual Studio Solution File, Format Version 12.00
# Visual Studio Version 17
VisualStudioVersion = 17.10.35027.167
MinimumVisualStudioVersion = 10.0.40219.1
Project("{2150E333-8FDC-42A3-9474-1A3956D46DE8}") = "Ekke.Thesis.PriceParser", "Ekke.Thesis.PriceParser", "{51DBA684-7D46-4C0D-9B8F-FF19FEB4BAC2}"
EndProject
Project("{FAE04EC0-301F-11D3-BF4B-00C04F79EFBC}") = "Ekke.Thesis.PriceParser", "Ekke.Thesis.PriceParser\Ekke.Thesis.PriceParser.csproj", "{C90687C7-35B0-4F3A-8A1E-012059ABB87B}"
EndProject
Project("{FAE04EC0-301F-11D3-BF4B-00C04F79EFBC}") = "Ekke.Thesis.PriceParser.Activities", "Ekke.Thesis.PriceParser.Activities\Ekke.Thesis.PriceParser.Activities.csproj", "{F1AF385E-AF4F-4BE5-948D-46A85DB87B32}"
EndProject
Project("{FAE04EC0-301F-11D3-BF4B-00C04F79EFBC}") = "Ekke.Thesis.PriceParser.Activities.Design", "Ekke.Thesis.PriceParser.Activities.Design\Ekke.Thesis.PriceParser.Activities.Design.csproj", "{5CF78AC3-FB26-4181-8CC3-66AFB3DA1CA8}"
EndProject
Project("{2150E333-8FDC-42A3-9474-1A3956D46DE8}") = "Shared", "Shared", "{3A720E67-5B1A-4336-A205-772DD4D93F5A}"
EndProject
Project("{D954291E-2A0B-460D-934E-DC6B0785DB48}") = "UiPath.Shared.Activities", "..\Shared\UiPath.Shared.Activities\UiPath.Shared.Activities.shproj", "{4546856D-EA50-45C6-9419-EEEACB5A80AA}"
EndProject
Project("{D954291E-2A0B-460D-934E-DC6B0785DB48}") = "UiPath.Shared.Activities.Design", "..\Shared\UiPath.Shared.Activities.Design\UiPath.Shared.Activities.Design.shproj", "{DF9C43F0-ADD3-4FBF-995E-84B92F9CBF25}"
EndProject
Global
	GlobalSection(SolutionConfigurationPlatforms) = preSolution
		Debug|Any CPU = Debug|Any CPU
		Release|Any CPU = Release|Any CPU
	EndGlobalSection
	GlobalSection(ProjectConfigurationPlatforms) = postSolution
		{C90687C7-35B0-4F3A-8A1E-012059ABB87B}.Debug|Any CPU.ActiveCfg = Debug|Any CPU
		{C90687C7-35B0-4F3A-8A1E-012059ABB87B}.Debug|Any CPU.Build.0 = Debug|Any CPU
		{C90687C7-35B0-4F3A-8A1E-012059ABB87B}.Release|Any CPU.ActiveCfg = Release|Any CPU
		{C90687C7-35B0-4F3A-8A1E-012059ABB87B}.Release|Any CPU.Build.0 = Release|Any CPU
		{F1AF385E-AF4F-4BE5-948D-46A85DB87B32}.Debug|Any CPU.ActiveCfg = Debug|Any CPU
		{F1AF385E-AF4F-4BE5-948D-46A85DB87B32}.Debug|Any CPU.Build.0 = Debug|Any CPU
		{F1AF385E-AF4F-4BE5-948D-46A85DB87B32}.Release|Any CPU.ActiveCfg = Release|Any CPU
		{F1AF385E-AF4F-4BE5-948D-46A85DB87B32}.Release|Any CPU.Build.0 = Release|Any CPU
		{5CF78AC3-FB26-4181-8CC3-66AFB3DA1CA8}.Debug|Any CPU.ActiveCfg = Debug|Any CPU
		{5CF78AC3-FB26-4181-8CC3-66AFB3DA1CA8}.Debug|Any CPU.Build.0 = Debug|Any CPU
		{5CF78AC3-FB26-4181-8CC3-66AFB3DA1CA8}.Release|Any CPU.ActiveCfg = Release|Any CPU
		{5CF78AC3-FB26-4181-8CC3-66AFB3DA1CA8}.Release|Any CPU.Build.0 = Release|Any CPU
	EndGlobalSection
	GlobalSection(SolutionProperties) = preSolution
		HideSolutionNode = FALSE
	EndGlobalSection
	GlobalSection(NestedProjects) = preSolution
		{C90687C7-35B0-4F3A-8A1E-012059ABB87B} = {51DBA684-7D46-4C0D-9B8F-FF19FEB4BAC2}
		{F1AF385E-AF4F-4BE5-948D-46A85DB87B32} = {51DBA684-7D46-4C0D-9B8F-FF19FEB4BAC2}
		{5CF78AC3-FB26-4181-8CC3-66AFB3DA1CA8} = {51DBA684-7D46-4C0D-9B8F-FF19FEB4BAC2}
		{4546856D-EA50-45C6-9419-EEEACB5A80AA} = {3A720E67-5B1A-4336-A205-772DD4D93F5A}
		{DF9C43F0-ADD3-4FBF-995E-84B92F9CBF25} = {3A720E67-5B1A-4336-A205-772DD4D93F5A}
	EndGlobalSection
	GlobalSection(ExtensibilityGlobals) = postSolution
		SolutionGuid = {892B5FF3-38ED-4010-91A2-053B8F2706C1}
	EndGlobalSection
	GlobalSection(SharedMSBuildProjectFiles) = preSolution
		..\Shared\UiPath.Shared.Activities\UiPath.Shared.Activities.projitems*{4546856d-ea50-45c6-9419-eeeacb5a80aa}*SharedItemsImports = 13
		..\Shared\UiPath.Shared.Activities.Design\UiPath.Shared.Activities.Design.projitems*{5cf78ac3-fb26-4181-8cc3-66afb3da1ca8}*SharedItemsImports = 5
		..\Shared\UiPath.Shared.Activities.Design\UiPath.Shared.Activities.Design.projitems*{df9c43f0-add3-4fbf-995e-84b92f9cbf25}*SharedItemsImports = 13
		..\Shared\UiPath.Shared.Activities\UiPath.Shared.Activities.projitems*{f1af385e-af4f-4be5-948d-46a85db87b32}*SharedItemsImports = 5
	EndGlobalSection
EndGlobal
